
Microsoft Visual Studio Solution File, Format Version 12.00
# Visual Studio Version 17
VisualStudioVersion = 17.3.32901.215
MinimumVisualStudioVersion = 10.0.40219.1
Project("{FAE04EC0-301F-11D3-BF4B-00C04F79EFBC}") = "Практическая работа №4", "Практическая работа №4\Практическая работа №4.csproj", "{44F19AE2-A3B7-40F3-9A99-94A0F78A6EAA}"
EndProject
Global
	GlobalSection(SolutionConfigurationPlatforms) = preSolution
		Debug|Any CPU = Debug|Any CPU
		Release|Any CPU = Release|Any CPU
	EndGlobalSection
	GlobalSection(ProjectConfigurationPlatforms) = postSolution
		{44F19AE2-A3B7-40F3-9A99-94A0F78A6EAA}.Debug|Any CPU.ActiveCfg = Debug|Any CPU
		{44F19AE2-A3B7-40F3-9A99-94A0F78A6EAA}.Debug|Any CPU.Build.0 = Debug|Any CPU
		{44F19AE2-A3B7-40F3-9A99-94A0F78A6EAA}.Release|Any CPU.ActiveCfg = Release|Any CPU
		{44F19AE2-A3B7-40F3-9A99-94A0F78A6EAA}.Release|Any CPU.Build.0 = Release|Any CPU
	EndGlobalSection
	GlobalSection(SolutionProperties) = preSolution
		HideSolutionNode = FALSE
	EndGlobalSection
	GlobalSection(ExtensibilityGlobals) = postSolution
		SolutionGuid = {115CB55E-86B8-4474-9666-8E49F1D37FCA}
	EndGlobalSection
EndGlobal
